{
  "name": "keyboard-shortcut-of-the-day",
  "version": "1.0.0",
  "lockfileVersion": 1,
  "requires": true,
  "dependencies": {
    "humanizer": {
      "version": "0.1.1",
      "resolved": "https://registry.npmjs.org/humanizer/-/humanizer-0.1.1.tgz",
      "integrity": "sha1-AdExVG2jXvRZO9hLDrSCEkMIRFY=",
      "requires": {
        "lodash": "1.2.1"
      }
    },
    "lodash": {
      "version": "1.2.1",
      "resolved": "https://registry.npmjs.org/lodash/-/lodash-1.2.1.tgz",
      "integrity": "sha1-7UexbkbwaytAMJto6RY8F+k+owQ="
    }
  }
}
